
Microsoft Visual Studio Solution File, Format Version 10.00
# Visual Studio 2008
Project("{FAE04EC0-301F-11D3-BF4B-00C04F79EFBC}") = "darkmessenger", "darkmessenger\darkmessenger.csproj", "{61A24ADB-A613-4F2C-8658-47218A437C8D}"
EndProject
Project("{FAE04EC0-301F-11D3-BF4B-00C04F79EFBC}") = "darkmessenger_server", "darkmessenger_server\darkmessenger_server.csproj", "{5CA957F1-54F0-4C32-B870-02F3F7CCD85C}"
EndProject
Global
	GlobalSection(SolutionConfigurationPlatforms) = preSolution
		Debug|Any CPU = Debug|Any CPU
		Release|Any CPU = Release|Any CPU
	EndGlobalSection
	GlobalSection(ProjectConfigurationPlatforms) = postSolution
		{61A24ADB-A613-4F2C-8658-47218A437C8D}.Debug|Any CPU.ActiveCfg = Debug|Any CPU
		{61A24ADB-A613-4F2C-8658-47218A437C8D}.Debug|Any CPU.Build.0 = Debug|Any CPU
		{61A24ADB-A613-4F2C-8658-47218A437C8D}.Release|Any CPU.ActiveCfg = Release|Any CPU
		{61A24ADB-A613-4F2C-8658-47218A437C8D}.Release|Any CPU.Build.0 = Release|Any CPU
		{5CA957F1-54F0-4C32-B870-02F3F7CCD85C}.Debug|Any CPU.ActiveCfg = Debug|Any CPU
		{5CA957F1-54F0-4C32-B870-02F3F7CCD85C}.Debug|Any CPU.Build.0 = Debug|Any CPU
		{5CA957F1-54F0-4C32-B870-02F3F7CCD85C}.Release|Any CPU.ActiveCfg = Release|Any CPU
		{5CA957F1-54F0-4C32-B870-02F3F7CCD85C}.Release|Any CPU.Build.0 = Release|Any CPU
	EndGlobalSection
	GlobalSection(SolutionProperties) = preSolution
		HideSolutionNode = FALSE
	EndGlobalSection
	GlobalSection(ExtensibilityGlobals) = postSolution
		VisualSVNWorkingCopyRoot = .
	EndGlobalSection
EndGlobal
